
Microsoft Visual Studio Solution File, Format Version 12.00
# Visual Studio Version 17
VisualStudioVersion = 17.13.35913.81 d17.13
MinimumVisualStudioVersion = 10.0.40219.1
Project("{FAE04EC0-301F-11D3-BF4B-00C04F79EFBC}") = "BulanikMantikSade", "BulanikMantikSade\BulanikMantikSade.csproj", "{A559188A-D74D-41FA-A820-B5A6C31D7B14}"
EndProject
Global
	GlobalSection(SolutionConfigurationPlatforms) = preSolution
		Debug|Any CPU = Debug|Any CPU
		Release|Any CPU = Release|Any CPU
	EndGlobalSection
	GlobalSection(ProjectConfigurationPlatforms) = postSolution
		{A559188A-D74D-41FA-A820-B5A6C31D7B14}.Debug|Any CPU.ActiveCfg = Debug|Any CPU
		{A559188A-D74D-41FA-A820-B5A6C31D7B14}.Debug|Any CPU.Build.0 = Debug|Any CPU
		{A559188A-D74D-41FA-A820-B5A6C31D7B14}.Release|Any CPU.ActiveCfg = Release|Any CPU
		{A559188A-D74D-41FA-A820-B5A6C31D7B14}.Release|Any CPU.Build.0 = Release|Any CPU
	EndGlobalSection
	GlobalSection(SolutionProperties) = preSolution
		HideSolutionNode = FALSE
	EndGlobalSection
	GlobalSection(ExtensibilityGlobals) = postSolution
		SolutionGuid = {C0718A80-B97A-49B3-852C-A1FABFE8465A}
	EndGlobalSection
EndGlobal
